
Microsoft Visual Studio Solution File, Format Version 12.00
# Visual Studio Version 17
VisualStudioVersion = 17.6.33829.357
MinimumVisualStudioVersion = 10.0.40219.1
Project("{9A19103F-16F7-4668-BE54-9A1E7A4F7556}") = "BulkyWeb", "BulkyWeb\BulkyWeb.csproj", "{1FDF3E1F-ABDB-4892-A1AA-A158A023635F}"
EndProject
Project("{9A19103F-16F7-4668-BE54-9A1E7A4F7556}") = "Bulky.DataAccess", "Bulky.DataAccess\Bulky.DataAccess.csproj", "{F33EC478-C5A5-4D2D-8AF0-51EA2AF5F198}"
EndProject
Project("{9A19103F-16F7-4668-BE54-9A1E7A4F7556}") = "Bulky.Utility", "Bulky.Utility\Bulky.Utility.csproj", "{F160D687-6C0D-4CDF-9C24-6068C00A1FCE}"
EndProject
Project("{9A19103F-16F7-4668-BE54-9A1E7A4F7556}") = "Bulky.Models", "Bulky.Models\Bulky.Models.csproj", "{DD2D2914-3926-4E21-A087-2E5FBC2A5E2D}"
EndProject
Global
	GlobalSection(SolutionConfigurationPlatforms) = preSolution
		Debug|Any CPU = Debug|Any CPU
		Release|Any CPU = Release|Any CPU
	EndGlobalSection
	GlobalSection(ProjectConfigurationPlatforms) = postSolution
		{1FDF3E1F-ABDB-4892-A1AA-A158A023635F}.Debug|Any CPU.ActiveCfg = Debug|Any CPU
		{1FDF3E1F-ABDB-4892-A1AA-A158A023635F}.Debug|Any CPU.Build.0 = Debug|Any CPU
		{1FDF3E1F-ABDB-4892-A1AA-A158A023635F}.Release|Any CPU.ActiveCfg = Release|Any CPU
		{1FDF3E1F-ABDB-4892-A1AA-A158A023635F}.Release|Any CPU.Build.0 = Release|Any CPU
		{F33EC478-C5A5-4D2D-8AF0-51EA2AF5F198}.Debug|Any CPU.ActiveCfg = Debug|Any CPU
		{F33EC478-C5A5-4D2D-8AF0-51EA2AF5F198}.Debug|Any CPU.Build.0 = Debug|Any CPU
		{F33EC478-C5A5-4D2D-8AF0-51EA2AF5F198}.Release|Any CPU.ActiveCfg = Release|Any CPU
		{F33EC478-C5A5-4D2D-8AF0-51EA2AF5F198}.Release|Any CPU.Build.0 = Release|Any CPU
		{F160D687-6C0D-4CDF-9C24-6068C00A1FCE}.Debug|Any CPU.ActiveCfg = Debug|Any CPU
		{F160D687-6C0D-4CDF-9C24-6068C00A1FCE}.Debug|Any CPU.Build.0 = Debug|Any CPU
		{F160D687-6C0D-4CDF-9C24-6068C00A1FCE}.Release|Any CPU.ActiveCfg = Release|Any CPU
		{F160D687-6C0D-4CDF-9C24-6068C00A1FCE}.Release|Any CPU.Build.0 = Release|Any CPU
		{DD2D2914-3926-4E21-A087-2E5FBC2A5E2D}.Debug|Any CPU.ActiveCfg = Debug|Any CPU
		{DD2D2914-3926-4E21-A087-2E5FBC2A5E2D}.Debug|Any CPU.Build.0 = Debug|Any CPU
		{DD2D2914-3926-4E21-A087-2E5FBC2A5E2D}.Release|Any CPU.ActiveCfg = Release|Any CPU
		{DD2D2914-3926-4E21-A087-2E5FBC2A5E2D}.Release|Any CPU.Build.0 = Release|Any CPU
	EndGlobalSection
	GlobalSection(SolutionProperties) = preSolution
		HideSolutionNode = FALSE
	EndGlobalSection
	GlobalSection(ExtensibilityGlobals) = postSolution
		SolutionGuid = {B0D38D9F-31FA-4BB7-B78B-DF74B64F5567}
	EndGlobalSection
EndGlobal
